
Microsoft Visual Studio Solution File, Format Version 12.00
# Visual Studio 15
VisualStudioVersion = 15.0.27130.2027
MinimumVisualStudioVersion = 10.0.40219.1
Project("{FAE04EC0-301F-11D3-BF4B-00C04F79EFBC}") = "itKol1Zadaca2", "itKol1Zadaca2\itKol1Zadaca2.csproj", "{89E76817-9544-4907-9B58-BCC969733904}"
EndProject
Global
	GlobalSection(SolutionConfigurationPlatforms) = preSolution
		Debug|Any CPU = Debug|Any CPU
		Release|Any CPU = Release|Any CPU
	EndGlobalSection
	GlobalSection(ProjectConfigurationPlatforms) = postSolution
		{89E76817-9544-4907-9B58-BCC969733904}.Debug|Any CPU.ActiveCfg = Debug|Any CPU
		{89E76817-9544-4907-9B58-BCC969733904}.Debug|Any CPU.Build.0 = Debug|Any CPU
		{89E76817-9544-4907-9B58-BCC969733904}.Release|Any CPU.ActiveCfg = Release|Any CPU
		{89E76817-9544-4907-9B58-BCC969733904}.Release|Any CPU.Build.0 = Release|Any CPU
	EndGlobalSection
	GlobalSection(SolutionProperties) = preSolution
		HideSolutionNode = FALSE
	EndGlobalSection
	GlobalSection(ExtensibilityGlobals) = postSolution
		SolutionGuid = {AB0D208F-8537-4280-B14D-46A6A7B494AF}
	EndGlobalSection
EndGlobal
